<?xml version="1.0" encoding="UTF-8" standalone="yes" ?>
<CodeBlocks_project_file>
	<FileVersion major="1" minor="6" />
	<Project>
		<Option title="Lista2A" />
		<Option pch_mode="2" />
		<Option compiler="gcc" />
		<Build>
			<Target title="Debug">
				<Option output="bin/Debug/Lista2A" prefix_auto="1" extension_auto="1" />
				<Option object_output="obj/Debug/" />
				<Option type="1" />
				<Option compiler="gcc" />
				<Compiler>
					<Add option="-g" />
				</Compiler>
			</Target>
			<Target title="Release">
				<Option output="bin/Release/Lista2A" prefix_auto="1" extension_auto="1" />
				<Option object_output="obj/Release/" />
				<Option type="1" />
				<Option compiler="gcc" />
				<Compiler>
					<Add option="-O2" />
				</Compiler>
				<Linker>
					<Add option="-s" />
				</Linker>
			</Target>
		</Build>
		<Compiler>
			<Add option="-Wall" />
			<Add option="-fexceptions" />
		</Compiler>
		<Unit filename="CCommand.h" />
		<Unit filename="CMenu.cpp" />
		<Unit filename="CMenu.h" />
		<Unit filename="CMenuCommand.cpp" />
		<Unit filename="CMenuCommand.h" />
		<Unit filename="CMenuItem.h" />
		<Unit filename="CTable.cpp" />
		<Unit filename="CTable.h" />
		<Unit filename="CTableHandler.cpp" />
		<Unit filename="CTableHandler.h" />
		<Unit filename="Command1.cpp" />
		<Unit filename="Command1.h" />
		<Unit filename="Command10.cpp" />
		<Unit filename="Command10.h" />
		<Unit filename="Command2.cpp" />
		<Unit filename="Command2.h" />
		<Unit filename="Command3.cpp" />
		<Unit filename="Command3.h" />
		<Unit filename="Command4.cpp" />
		<Unit filename="Command4.h" />
		<Unit filename="Command5.cpp" />
		<Unit filename="Command5.h" />
		<Unit filename="Command6.cpp" />
		<Unit filename="Command6.h" />
		<Unit filename="Command7.cpp" />
		<Unit filename="Command7.h" />
		<Unit filename="Command8.cpp" />
		<Unit filename="Command8.h" />
		<Unit filename="Command9.cpp" />
		<Unit filename="Command9.h" />
		<Unit filename="Initialize.cpp" />
		<Unit filename="Initialize.h" />
		<Unit filename="ListGiver.cpp" />
		<Unit filename="ListGiver.h" />
		<Unit filename="NamesHolder.cpp" />
		<Unit filename="NamesHolder.h" />
		<Unit filename="main.cpp" />
		<Extensions>
			<code_completion />
			<envvars />
			<debugger />
			<lib_finder disable_auto="1" />
		</Extensions>
	</Project>
</CodeBlocks_project_file>
